
Microsoft Visual Studio Solution File, Format Version 12.00
# Visual Studio Version 17
VisualStudioVersion = 17.9.34728.123
MinimumVisualStudioVersion = 10.0.40219.1
Project("{FAE04EC0-301F-11D3-BF4B-00C04F79EFBC}") = "ProyectoCRUDJulian", "ProyectoCRUD\ProyectoCRUDJulian.csproj", "{6877DCCE-2745-405F-879B-F692F3F1063C}"
EndProject
Global
	GlobalSection(SolutionConfigurationPlatforms) = preSolution
		Debug|Any CPU = Debug|Any CPU
		Release|Any CPU = Release|Any CPU
	EndGlobalSection
	GlobalSection(ProjectConfigurationPlatforms) = postSolution
		{6877DCCE-2745-405F-879B-F692F3F1063C}.Debug|Any CPU.ActiveCfg = Debug|Any CPU
		{6877DCCE-2745-405F-879B-F692F3F1063C}.Debug|Any CPU.Build.0 = Debug|Any CPU
		{6877DCCE-2745-405F-879B-F692F3F1063C}.Release|Any CPU.ActiveCfg = Release|Any CPU
		{6877DCCE-2745-405F-879B-F692F3F1063C}.Release|Any CPU.Build.0 = Release|Any CPU
	EndGlobalSection
	GlobalSection(SolutionProperties) = preSolution
		HideSolutionNode = FALSE
	EndGlobalSection
	GlobalSection(ExtensibilityGlobals) = postSolution
		SolutionGuid = {6BF5E50C-CE1C-4CF2-9EA4-D4537228E0A0}
	EndGlobalSection
EndGlobal
